{
  "version": "4",
  "specifiers": {
    "npm:@types/node@*": "22.5.4"
  },
  "npm": {
    "@types/node@22.5.4": {
      "integrity": "sha512-FDuKUJQm/ju9fT/SeX/6+gBzoPzlVCzfzmGkwKvRHQVxi4BntVbyIwf6a4Xn62mrvndLiml6z/UBXIdEVjQLXg==",
      "dependencies": [
        "undici-types"
      ]
    },
    "undici-types@6.19.8": {
      "integrity": "sha512-ve2KP6f/JnbPBFyobGHuerC9g1FYGn/F8n1LWTwNxCEzd6IfqTwUQcNXgEtmmQ6DlRrC1hrSrBnCZPokRrDHjw=="
    }
  },
  "redirects": {
    "https://esm.sh/@supabase/node-fetch@^2.6.14?target=denonext": "https://esm.sh/@supabase/node-fetch@2.6.15?target=denonext",
    "https://esm.sh/@supabase/supabase-js@2": "https://esm.sh/@supabase/supabase-js@2.49.4",
    "https://esm.sh/@types/ws@~8.5.14/index.d.mts": "https://esm.sh/@types/ws@8.5.14/index.d.mts",
    "https://esm.sh/bufferutil@^4.0.1?target=denonext": "https://esm.sh/bufferutil@4.0.9?target=denonext",
    "https://esm.sh/node-gyp-build@^4.3.0?target=denonext": "https://esm.sh/node-gyp-build@4.8.4?target=denonext",
    "https://esm.sh/openai@4": "https://esm.sh/openai@4.96.0",
    "https://esm.sh/tr46@~0.0.3?target=denonext": "https://esm.sh/tr46@0.0.3?target=denonext",
    "https://esm.sh/utf-8-validate@%3E=5.0.2?target=denonext": "https://esm.sh/utf-8-validate@6.0.5?target=denonext",
    "https://esm.sh/webidl-conversions@^3.0.0?target=denonext": "https://esm.sh/webidl-conversions@3.0.1?target=denonext",
    "https://esm.sh/whatwg-url@^5.0.0?target=denonext": "https://esm.sh/whatwg-url@5.0.0?target=denonext",
    "https://esm.sh/ws@^8.18.0?target=denonext": "https://esm.sh/ws@8.18.1?target=denonext"
  },
  "remote": {
    "https://deno.land/std@0.168.0/async/abortable.ts": "80b2ac399f142cc528f95a037a7d0e653296352d95c681e284533765961de409",
    "https://deno.land/std@0.168.0/async/deadline.ts": "2c2deb53c7c28ca1dda7a3ad81e70508b1ebc25db52559de6b8636c9278fd41f",
    "https://deno.land/std@0.168.0/async/debounce.ts": "60301ffb37e730cd2d6f9dadfd0ecb2a38857681bd7aaf6b0a106b06e5210a98",
    "https://deno.land/std@0.168.0/async/deferred.ts": "77d3f84255c3627f1cc88699d8472b664d7635990d5358c4351623e098e917d6",
    "https://deno.land/std@0.168.0/async/delay.ts": "5a9bfba8de38840308a7a33786a0155a7f6c1f7a859558ddcec5fe06e16daf57",
    "https://deno.land/std@0.168.0/async/mod.ts": "7809ad4bb223e40f5fdc043e5c7ca04e0e25eed35c32c3c32e28697c553fa6d9",
    "https://deno.land/std@0.168.0/async/mux_async_iterator.ts": "770a0ff26c59f8bbbda6b703a2235f04e379f73238e8d66a087edc68c2a2c35f",
    "https://deno.land/std@0.168.0/async/pool.ts": "6854d8cd675a74c73391c82005cbbe4cc58183bddcd1fbbd7c2bcda42b61cf69",
    "https://deno.land/std@0.168.0/async/retry.ts": "e8e5173623915bbc0ddc537698fa418cf875456c347eda1ed453528645b42e67",
    "https://deno.land/std@0.168.0/async/tee.ts": "3a47cc4e9a940904fd4341f0224907e199121c80b831faa5ec2b054c6d2eff5e",
    "https://deno.land/std@0.168.0/http/server.ts": "e99c1bee8a3f6571ee4cdeb2966efad465b8f6fe62bec1bdb59c1f007cc4d155",
    "https://esm.sh/@supabase/auth-js@2.69.1/denonext/auth-js.mjs": "fb31c3925437753f5a8a90fc57ea24dc5b68b2b295e696123b1b6a635b7b3ada",
    "https://esm.sh/@supabase/functions-js@2.4.4/denonext/functions-js.mjs": "7adeb257410ef3c4a8a1eb9b4ff416c0075d1c32860ca04913c8a9dace1de6a6",
    "https://esm.sh/@supabase/node-fetch@2.6.15/denonext/node-fetch.mjs": "0bae9052231f4f6dbccc7234d05ea96923dbf967be12f402764580b6bf9f713d",
    "https://esm.sh/@supabase/node-fetch@2.6.15?target=denonext": "4d28c4ad97328403184353f68434f2b6973971507919e9150297413664919cf3",
    "https://esm.sh/@supabase/postgrest-js@1.19.4/denonext/postgrest-js.mjs": "2073b5552ba10c7a8302bffffae771e3aede1daf833382355dae239fb0ab2576",
    "https://esm.sh/@supabase/realtime-js@2.11.2/denonext/realtime-js.mjs": "c33ac375b6be89c893f9df844d2525a4ace015a35aa6ba236270d00c6605c7ba",
    "https://esm.sh/@supabase/storage-js@2.7.1/denonext/storage-js.mjs": "73ac8cdc95cfcd794fe603dbd7ce06d539ab51538ae6467eabe0f9cc26c993aa",
    "https://esm.sh/@supabase/supabase-js@2.49.4": "d52c4d06946766d328fdd0ac2e007f52bb6d2ef7ce6103ad9f0f57d92b73e978",
    "https://esm.sh/@supabase/supabase-js@2.49.4/denonext/supabase-js.mjs": "8c664dda021a5abc7c0b1f49d89d5886a7f9c63c9d365eb3764e1e27440bd781",
    "https://esm.sh/bufferutil@4.0.9/denonext/bufferutil.mjs": "13dca4d5bb2c68cbe119f880fa3bd785b9a81a8e02e0834dae604b4b85295cd8",
    "https://esm.sh/bufferutil@4.0.9?target=denonext": "e32574569ab438facfcc3f412c659b0719bbf05477136ca176938c9a3ac45125",
    "https://esm.sh/node-gyp-build@4.8.4/denonext/node-gyp-build.mjs": "9a86f2d044fc77bd60aaa3d697c2ba1b818da5fb1b9aaeedec59a40b8e908803",
    "https://esm.sh/node-gyp-build@4.8.4?target=denonext": "261a6cedf1fdbf159798141ba1e2311ac1510682c5c8b55dacc8cf5fdee4aa06",
    "https://esm.sh/openai@4.96.0": "325176dbe1ea944bf66eecb538c6ffe70f33a99beb068e0489dd6bdd70e17e22",
    "https://esm.sh/openai@4.96.0/denonext/_shims/MultipartBody.mjs": "dd8d1ac5da8afba8bdf36f05a6d83521f9b11ee3366dff69f459d233baf22fe9",
    "https://esm.sh/openai@4.96.0/denonext/_shims/auto/runtime.mjs": "c5c02a4f8193bfe4c0909c74aaf283f88b2c3b4e273be76076b207bdb77a6413",
    "https://esm.sh/openai@4.96.0/denonext/_shims/index.mjs": "0b7435189de5b4101d73e14532f7f1bce0079f726b3276b582f68094079739f5",
    "https://esm.sh/openai@4.96.0/denonext/_shims/registry.mjs": "5938427d0e514ec76318aefb0dea4a2cf2c0742845c87b88e13ce13773318739",
    "https://esm.sh/openai@4.96.0/denonext/_shims/web-runtime.mjs": "6bbfed537c8642ec116714f43391470b8046b6df95dd8da0d7826267618095c5",
    "https://esm.sh/openai@4.96.0/denonext/_vendor/partial-json-parser/parser.mjs": "1adaee7426d6b35cdf4f3861b53c18d12ae45d65c20354e23cd231ae558cd9eb",
    "https://esm.sh/openai@4.96.0/denonext/core.mjs": "4685dd8068e2a6d2c62f33ca764972286ac7e3da90e34ff3b9d09fde4d251122",
    "https://esm.sh/openai@4.96.0/denonext/error.mjs": "6a16765373601464d4d76d4bd34b6f87de6bdc5ea6c2aaa5130f25f27d1ad392",
    "https://esm.sh/openai@4.96.0/denonext/internal/decoders/line.mjs": "1575d2c4c8a52fb74eb6c48ba87ffc5fa96dc706f9df33cc240c3f089ca7345c",
    "https://esm.sh/openai@4.96.0/denonext/internal/qs/formats.mjs": "0b9afc387b9ec350be1386497ffc8c7b99e3fba17ab3e23581712ec4e994aec1",
    "https://esm.sh/openai@4.96.0/denonext/internal/qs/index.mjs": "b52aa712e493aaff1e05e3ad8e404e6108b6c1a4f1cbbee0a7ffa4f5ea5d14cb",
    "https://esm.sh/openai@4.96.0/denonext/internal/qs/stringify.mjs": "9bf199e6478a7504762b5a2eaa73b01788b23c8791febc087a1fbfc5365f0528",
    "https://esm.sh/openai@4.96.0/denonext/internal/qs/utils.mjs": "a664e95b4d61607f6bebbc20a85e72cbd4e1f5f8d9b649b517156677a12d239a",
    "https://esm.sh/openai@4.96.0/denonext/internal/stream-utils.mjs": "cd1b1d2e5c0c24224cf4d9e67e07eee101064a606980eb0d9b96557dcd0958b7",
    "https://esm.sh/openai@4.96.0/denonext/lib/AbstractChatCompletionRunner.mjs": "177acda8506bb93d18dc66e42b18c721607c2735ffd6714efd08a37e0e3201fe",
    "https://esm.sh/openai@4.96.0/denonext/lib/AssistantStream.mjs": "43b43021b3b5224a6d848d350a1e0be108c06581151ba51e8576a3733f5a42e0",
    "https://esm.sh/openai@4.96.0/denonext/lib/ChatCompletionRunner.mjs": "3b723c1e15c70dbe073503a683f1e3f43398e337b0b82158e6466a4a4a3c072d",
    "https://esm.sh/openai@4.96.0/denonext/lib/ChatCompletionStream.mjs": "d3fcb250f1c005ddffc74473555d6cb43efe5caf5e20761a3d00ca60dc3cff7b",
    "https://esm.sh/openai@4.96.0/denonext/lib/ChatCompletionStreamingRunner.mjs": "fbf8ceebd7285e7b5eceeddb1bc8cc310d6474485e445e70d7f3ab6484c1ea42",
    "https://esm.sh/openai@4.96.0/denonext/lib/EventStream.mjs": "e7c9725bdcbc762b4eae5b0e336cd0f75de20f63130f8039b0620c2959047d73",
    "https://esm.sh/openai@4.96.0/denonext/lib/ResponsesParser.mjs": "e7bd399f6cd4de8c10703c9b65c2bc7de1a63a6f5a1d04e7de36d45527fc1a8e",
    "https://esm.sh/openai@4.96.0/denonext/lib/RunnableFunction.mjs": "025abcfb24d9381ee4058e63ff10fb0f27ed0845b02ea1e421814ccf1c57c6d4",
    "https://esm.sh/openai@4.96.0/denonext/lib/Util.mjs": "e1debca79fe5295288b91827c879e431388216c152c971ee83cfcc4d2b53e37f",
    "https://esm.sh/openai@4.96.0/denonext/lib/chatCompletionUtils.mjs": "be4068b337ab46495396156ca36bddd5b132ad9b4dc427304e77c4364c3ad149",
    "https://esm.sh/openai@4.96.0/denonext/lib/parser.mjs": "3e5cb6a664902ae3f05ac0e270ae66a9332949bf94565770a8094e2145536696",
    "https://esm.sh/openai@4.96.0/denonext/lib/responses/ResponseStream.mjs": "e93affc1b9d41ff212cd2ba3dd49327c00cf9998a4d311463297e3664ca955c1",
    "https://esm.sh/openai@4.96.0/denonext/openai.mjs": "82ae3ff074fa57581325f92b7cd90f5f5ad1a9e1a391d934b2f110e50bbcc67d",
    "https://esm.sh/openai@4.96.0/denonext/pagination.mjs": "ac071a1da4451eaf4e21448bbc4892d78d9c3206ab7f120caddc01df54351e77",
    "https://esm.sh/openai@4.96.0/denonext/resource.mjs": "714c32828eac7493f5e9286e2e9c718e1a7fbbfaf35e30729e865bf3b36f8565",
    "https://esm.sh/openai@4.96.0/denonext/resources/audio/audio.mjs": "6edd431a040200086d2be175b189e4ff88b0ccec69f78e602e8561fc9237892d",
    "https://esm.sh/openai@4.96.0/denonext/resources/audio/speech.mjs": "cd5c503cd0981e60eb018729ecb894c100440ebc4f3f440fad199c687195dc30",
    "https://esm.sh/openai@4.96.0/denonext/resources/audio/transcriptions.mjs": "41939bc15d7a90c14d9ff92e282b5a60e42c6df16e5134e9f9837b70002dff25",
    "https://esm.sh/openai@4.96.0/denonext/resources/audio/translations.mjs": "1aafeaabe6451f5790cba792aa70bd70fdb16ac850591cb21e88492926f11cfe",
    "https://esm.sh/openai@4.96.0/denonext/resources/batches.mjs": "e8984a356b70bb5fc9ece8e76d7a7ccc51517b0e8e8ff777061292c56858b99a",
    "https://esm.sh/openai@4.96.0/denonext/resources/beta/assistants.mjs": "f67b55cab2f19c934fd919aced113f17f786831d426a831d1cb2a8a2618dbb15",
    "https://esm.sh/openai@4.96.0/denonext/resources/beta/beta.mjs": "ea5a90ebb4b2050281acbd5d6cb4d0c39f781e06b24c709bbb1ce40434a93c6f",
    "https://esm.sh/openai@4.96.0/denonext/resources/beta/chat/chat.mjs": "cf555f0daef4799d7d26270113f48a92044c8137fbdfbc005011aa569f9b2dc4",
    "https://esm.sh/openai@4.96.0/denonext/resources/beta/chat/completions.mjs": "876b1e99253f6dd37428967f9aec3d88459efa9a63299aed012085c6ecd09202",
    "https://esm.sh/openai@4.96.0/denonext/resources/beta/realtime/realtime.mjs": "aa6c1f2337af3c42eb52082371e3a49773d466f00899d462c2f02b24b2767743",
    "https://esm.sh/openai@4.96.0/denonext/resources/beta/realtime/sessions.mjs": "0a332e2c498937c0fd986eff0a8fb443c53298938c3f166989307344782cee4a",
    "https://esm.sh/openai@4.96.0/denonext/resources/beta/realtime/transcription-sessions.mjs": "6d4a4985b4cd580b9a56f11b3389d7aa081322243b0118c5576e2b4e9935199f",
    "https://esm.sh/openai@4.96.0/denonext/resources/beta/threads/messages.mjs": "c166361c29f9ec7ef0dc07ce5030758192fa02a91d97ceefa2c4306d363ef34e",
    "https://esm.sh/openai@4.96.0/denonext/resources/beta/threads/runs/runs.mjs": "28216bd97c65f8815d5690c70230d56dc317be57c1849777d3f7b1e035be547b",
    "https://esm.sh/openai@4.96.0/denonext/resources/beta/threads/runs/steps.mjs": "c310a59ab9a20db165992abe7a46959cb59555610459455b9c7c2777cc25288a",
    "https://esm.sh/openai@4.96.0/denonext/resources/beta/threads/threads.mjs": "94e24912a9f0f6d920fb0bdd5c1ddc515394e0ecc8aa8f96cbb1341006425964",
    "https://esm.sh/openai@4.96.0/denonext/resources/chat/chat.mjs": "d9dedfba9d9b1bf6120efc774d61546dfe06e7bcc7db3d3c85990fd253172a90",
    "https://esm.sh/openai@4.96.0/denonext/resources/chat/completions/completions.mjs": "41b44901d7c6a27babc1d3da7e1087309415bd266c7a4468e3dce3fb8720bc00",
    "https://esm.sh/openai@4.96.0/denonext/resources/chat/completions/index.mjs": "1be30ac13b825f2c1b49f494d4892bb6a189a781dbc7c1abf0ee92059a61d610",
    "https://esm.sh/openai@4.96.0/denonext/resources/chat/completions/messages.mjs": "bb5bc7ed31a0e945ffc36562c4f04c563c2aa2352fcac617718560222fb7c9a8",
    "https://esm.sh/openai@4.96.0/denonext/resources/chat/index.mjs": "afa740af1f72c78f21db24ce39fe0017cbffdc2de5ce6528a51a37ff63477d9f",
    "https://esm.sh/openai@4.96.0/denonext/resources/completions.mjs": "fac30b553a5985920c8dfd6641976e75320856f150fa380669806adb70d08b5f",
    "https://esm.sh/openai@4.96.0/denonext/resources/embeddings.mjs": "3fd141f76e858538dd4313284a0613349a83302ab0a0a8ade5310535cc46bfd4",
    "https://esm.sh/openai@4.96.0/denonext/resources/evals/evals.mjs": "70ee67ab2560b1d2d582ed6b1dd26c10f88d8179a47599187536fdb5a892c645",
    "https://esm.sh/openai@4.96.0/denonext/resources/evals/runs/output-items.mjs": "cd5bbf85272271ac2a2308d1719ade894b63393e66dd020793b136089d98ee52",
    "https://esm.sh/openai@4.96.0/denonext/resources/evals/runs/runs.mjs": "63df9839b995877e7091fd1bf0097ef394bd87a22ce775d52c38e8e52bafa18a",
    "https://esm.sh/openai@4.96.0/denonext/resources/files.mjs": "4d7a2f96b89d1ab446bc892d25baa97704b0a187f45ae6e689b5e5e3f65f5623",
    "https://esm.sh/openai@4.96.0/denonext/resources/fine-tuning/checkpoints/checkpoints.mjs": "77f763972b5d6c25d434b60742fca570371e8280fae97229cfd6ef286e623096",
    "https://esm.sh/openai@4.96.0/denonext/resources/fine-tuning/checkpoints/permissions.mjs": "6f2792fc0bbd5d0e248789cdc8604d739dfdb3a72c5ac5ad7671a9d9edd73c2d",
    "https://esm.sh/openai@4.96.0/denonext/resources/fine-tuning/fine-tuning.mjs": "fcb50e95b403e8ed436988c07b73c473ca5e4070023b3adc80226cbac6bf4ee7",
    "https://esm.sh/openai@4.96.0/denonext/resources/fine-tuning/jobs/checkpoints.mjs": "e6c25235478d90e87bc578c33fa3f425cc0bd0a9a27b41995371437b38bf72ba",
    "https://esm.sh/openai@4.96.0/denonext/resources/fine-tuning/jobs/jobs.mjs": "2e6a4e38fc317cade2e23bce94b45e19e0f33995273a0a64f440d012af0e42dd",
    "https://esm.sh/openai@4.96.0/denonext/resources/images.mjs": "dc28f8a116634aa7d12b69d01d6ec40d21baa34b4398a8688b1fde4aa91bf707",
    "https://esm.sh/openai@4.96.0/denonext/resources/index.mjs": "1254e518678a23f7e8d8f9cd9caac6b90878a5cafdcf86f84067eae2ed88dfd6",
    "https://esm.sh/openai@4.96.0/denonext/resources/models.mjs": "c0701150da1927fb557f79c762c10e4f5ed0d954c6870d066eccf83f17ac1ccb",
    "https://esm.sh/openai@4.96.0/denonext/resources/moderations.mjs": "548ba891267f31ccf5eed4655777aecddb22403b824ecf3bd70bd439826b423f",
    "https://esm.sh/openai@4.96.0/denonext/resources/responses/input-items.mjs": "05ce8a8bb76d529f72840b5e9df3e4ca5c8e984372834ffe53c3cc3d1981e800",
    "https://esm.sh/openai@4.96.0/denonext/resources/responses/responses.mjs": "801eb31ed84f3b25b6b6a853cc8c0c1e0c973294ee946d387e0eaaedfad294f9",
    "https://esm.sh/openai@4.96.0/denonext/resources/shared.mjs": "e30c691fd57788f8e2855978cefca5d29e938de7aed0f198bb4b02e097145f4a",
    "https://esm.sh/openai@4.96.0/denonext/resources/uploads/parts.mjs": "7ce646ae1d841006a9d6f0791056b5b61df30ba42079cddb0779245b80fed093",
    "https://esm.sh/openai@4.96.0/denonext/resources/uploads/uploads.mjs": "276f484045368504c8287b277d121ff8c3159c9b67f77bcd0c256284c12662c9",
    "https://esm.sh/openai@4.96.0/denonext/resources/vector-stores/file-batches.mjs": "df7cbb59418f31899eb8832a0e2315877d10059e62b060f2e130960fcd9adea3",
    "https://esm.sh/openai@4.96.0/denonext/resources/vector-stores/files.mjs": "6743dec89380c5320fddef37259db1376aec989e898c9b470621a5e688708eb8",
    "https://esm.sh/openai@4.96.0/denonext/resources/vector-stores/vector-stores.mjs": "32c42da1bca1403c53420de1d92bd046ed6a6500cf85edb6aad74af25aa48766",
    "https://esm.sh/openai@4.96.0/denonext/streaming.mjs": "b11b900f169c53e5148ac8df046b13ebe3e6325d02ed3752a0c8e91226464f6f",
    "https://esm.sh/openai@4.96.0/denonext/uploads.mjs": "a6e0935aa2c899c02b9f44f5001f554b39b9aaeebc41fa61af6b81b4d9cd7409",
    "https://esm.sh/openai@4.96.0/denonext/version.mjs": "47fb9f2b0cb525f03f8bc67ca8b188c165d22d2cc14a4f48aac31643a053d049",
    "https://esm.sh/tr46@0.0.3/denonext/tr46.mjs": "5753ec0a99414f4055f0c1f97691100f13d88e48a8443b00aebb90a512785fa2",
    "https://esm.sh/tr46@0.0.3?target=denonext": "19cb9be0f0d418a0c3abb81f2df31f080e9540a04e43b0f699bce1149cba0cbb",
    "https://esm.sh/utf-8-validate@6.0.5/denonext/utf-8-validate.mjs": "66b8ea532a0c745068f5b96ddb1bae332c3036703243541d2e89e66331974d98",
    "https://esm.sh/utf-8-validate@6.0.5?target=denonext": "071bc33ba1a58297e23a34d69dd589fd06df04b0f373b382ff5da544a623f271",
    "https://esm.sh/webidl-conversions@3.0.1/denonext/webidl-conversions.mjs": "54b5c2d50a294853c4ccebf9d5ed8988c94f4e24e463d84ec859a866ea5fafec",
    "https://esm.sh/webidl-conversions@3.0.1?target=denonext": "4e20318d50528084616c79d7b3f6e7f0fe7b6d09013bd01b3974d7448d767e29",
    "https://esm.sh/whatwg-url@5.0.0/denonext/whatwg-url.mjs": "29b16d74ee72624c915745bbd25b617cfd2248c6af0f5120d131e232a9a9af79",
    "https://esm.sh/whatwg-url@5.0.0?target=denonext": "f001a2cadf81312d214ca330033f474e74d81a003e21e8c5d70a1f46dc97b02d",
    "https://esm.sh/ws@8.18.1/denonext/ws.mjs": "732cae76ba0acb311a561003d2f7ef569293cb9159d67dd800ab346b84f80432",
    "https://esm.sh/ws@8.18.1?target=denonext": "e99b670fc49b38e15a7576ddcd5bb01e123fe9b3a017db7f97898127811b4e27"
  }
}
